// !$*UTF8*$!
{
	archiveVersion = 1;
	classes = {
	};
	objectVersion = 46;
	objects = {

/* Begin PBXBuildFile section */
		01345B161E96D94C00CD6983 /* AppDelegate.swift in Sources */ = {isa = PBXBuildFile; fileRef = 01345B151E96D94C00CD6983 /* AppDelegate.swift */; };
		01345B1B1E96D94C00CD6983 /* Main.storyboard in Resources */ = {isa = PBXBuildFile; fileRef = 01345B191E96D94C00CD6983 /* Main.storyboard */; };
		01345B1D1E96D94C00CD6983 /* Assets.xcassets in Resources */ = {isa = PBXBuildFile; fileRef = 01345B1C1E96D94C00CD6983 /* Assets.xcassets */; };
		01345B201E96D94C00CD6983 /* LaunchScreen.storyboard in Resources */ = {isa = PBXBuildFile; fileRef = 01345B1E1E96D94C00CD6983 /* LaunchScreen.storyboard */; };
		01345B2B1E96DCD600CD6983 /* CloudKit.framework in Frameworks */ = {isa = PBXBuildFile; fileRef = 01345B2A1E96DCD600CD6983 /* CloudKit.framework */; };
		01345B311E96E24800CD6983 /* Post.swift in Sources */ = {isa = PBXBuildFile; fileRef = 01345B301E96E24800CD6983 /* Post.swift */; };
		01345B331E96E49A00CD6983 /* Post+CloudKit.swift in Sources */ = {isa = PBXBuildFile; fileRef = 01345B321E96E49A00CD6983 /* Post+CloudKit.swift */; };
		01345B361E96E60F00CD6983 /* Constants.swift in Sources */ = {isa = PBXBuildFile; fileRef = 01345B351E96E60F00CD6983 /* Constants.swift */; };
		01345B381E96E70300CD6983 /* CloudKitManager.swift in Sources */ = {isa = PBXBuildFile; fileRef = 01345B371E96E70300CD6983 /* CloudKitManager.swift */; };
		01345B3A1E96F99A00CD6983 /* PostController.swift in Sources */ = {isa = PBXBuildFile; fileRef = 01345B391E96F99A00CD6983 /* PostController.swift */; };
		01345B3C1E9709FA00CD6983 /* PostListTableViewController.swift in Sources */ = {isa = PBXBuildFile; fileRef = 01345B3B1E9709FA00CD6983 /* PostListTableViewController.swift */; };
/* End PBXBuildFile section */

/* Begin PBXFileReference section */
		01345B121E96D94C00CD6983 /* BulitinBoardNotification.app */ = {isa = PBXFileReference; explicitFileType = wrapper.application; includeInIndex = 0; path = BulitinBoardNotification.app; sourceTree = BUILT_PRODUCTS_DIR; };
		01345B151E96D94C00CD6983 /* AppDelegate.swift */ = {isa = PBXFileReference; lastKnownFileType = sourcecode.swift; path = AppDelegate.swift; sourceTree = "<group>"; };
		01345B1A1E96D94C00CD6983 /* Base */ = {isa = PBXFileReference; lastKnownFileType = file.storyboard; name = Base; path = Base.lproj/Main.storyboard; sourceTree = "<group>"; };
		01345B1C1E96D94C00CD6983 /* Assets.xcassets */ = {isa = PBXFileReference; lastKnownFileType = folder.assetcatalog; path = Assets.xcassets; sourceTree = "<group>"; };
		01345B1F1E96D94C00CD6983 /* Base */ = {isa = PBXFileReference; lastKnownFileType = file.storyboard; name = Base; path = Base.lproj/LaunchScreen.storyboard; sourceTree = "<group>"; };
		01345B211E96D94C00CD6983 /* Info.plist */ = {isa = PBXFileReference; lastKnownFileType = text.plist.xml; path = Info.plist; sourceTree = "<group>"; };
		01345B281E96DCCD00CD6983 /* BulitinBoardNotification.entitlements */ = {isa = PBXFileReference; lastKnownFileType = text.plist.entitlements; path = BulitinBoardNotification.entitlements; sourceTree = "<group>"; };
		01345B2A1E96DCD600CD6983 /* CloudKit.framework */ = {isa = PBXFileReference; lastKnownFileType = wrapper.framework; name = CloudKit.framework; path = System/Library/Frameworks/CloudKit.framework; sourceTree = SDKROOT; };
		01345B301E96E24800CD6983 /* Post.swift */ = {isa = PBXFileReference; fileEncoding = 4; lastKnownFileType = sourcecode.swift; path = Post.swift; sourceTree = "<group>"; };
		01345B321E96E49A00CD6983 /* Post+CloudKit.swift */ = {isa = PBXFileReference; fileEncoding = 4; lastKnownFileType = sourcecode.swift; path = "Post+CloudKit.swift"; sourceTree = "<group>"; };
		01345B351E96E60F00CD6983 /* Constants.swift */ = {isa = PBXFileReference; fileEncoding = 4; lastKnownFileType = sourcecode.swift; path = Constants.swift; sourceTree = "<group>"; };
		01345B371E96E70300CD6983 /* CloudKitManager.swift */ = {isa = PBXFileReference; fileEncoding = 4; lastKnownFileType = sourcecode.swift; path = CloudKitManager.swift; sourceTree = "<group>"; };
		01345B391E96F99A00CD6983 /* PostController.swift */ = {isa = PBXFileReference; fileEncoding = 4; lastKnownFileType = sourcecode.swift; path = PostController.swift; sourceTree = "<group>"; };
		01345B3B1E9709FA00CD6983 /* PostListTableViewController.swift */ = {isa = PBXFileReference; fileEncoding = 4; lastKnownFileType = sourcecode.swift; path = PostListTableViewController.swift; sourceTree = "<group>"; };
/* End PBXFileReference section */

/* Begin PBXFrameworksBuildPhase section */
		01345B0F1E96D94C00CD6983 /* Frameworks */ = {
			isa = PBXFrameworksBuildPhase;
			buildActionMask = 2147483647;
			files = (
				01345B2B1E96DCD600CD6983 /* CloudKit.framework in Frameworks */,
			);
			runOnlyForDeploymentPostprocessing = 0;
		};
/* End PBXFrameworksBuildPhase section */

/* Begin PBXGroup section */
		01345B091E96D94B00CD6983 = {
			isa = PBXGroup;
			children = (
				01345B141E96D94C00CD6983 /* BulitinBoardNotification */,
				01345B341E96E51A00CD6983 /* Helpers */,
				01345B131E96D94C00CD6983 /* Products */,
				01345B291E96DCD600CD6983 /* Frameworks */,
				01345B2E1E96E1EB00CD6983 /* Resources */,
			);
			sourceTree = "<group>";
		};
		01345B131E96D94C00CD6983 /* Products */ = {
			isa = PBXGroup;
			children = (
				01345B121E96D94C00CD6983 /* BulitinBoardNotification.app */,
			);
			name = Products;
			sourceTree = "<group>";
		};
		01345B141E96D94C00CD6983 /* BulitinBoardNotification */ = {
			isa = PBXGroup;
			children = (
				01345B281E96DCCD00CD6983 /* BulitinBoardNotification.entitlements */,
				01345B2F1E96E20B00CD6983 /* View */,
				01345B2D1E96E1D900CD6983 /* ViewController */,
				01345B2C1E96E1C800CD6983 /* ModelController */,
				01345B271E96D96500CD6983 /* Model */,
			);
			path = BulitinBoardNotification;
			sourceTree = "<group>";
		};
		01345B271E96D96500CD6983 /* Model */ = {
			isa = PBXGroup;
			children = (
				01345B301E96E24800CD6983 /* Post.swift */,
				01345B321E96E49A00CD6983 /* Post+CloudKit.swift */,
			);
			name = Model;
			sourceTree = "<group>";
		};
		01345B291E96DCD600CD6983 /* Frameworks */ = {
			isa = PBXGroup;
			children = (
				01345B2A1E96DCD600CD6983 /* CloudKit.framework */,
			);
			name = Frameworks;
			sourceTree = "<group>";
		};
		01345B2C1E96E1C800CD6983 /* ModelController */ = {
			isa = PBXGroup;
			children = (
				01345B391E96F99A00CD6983 /* PostController.swift */,
			);
			name = ModelController;
			sourceTree = "<group>";
		};
		01345B2D1E96E1D900CD6983 /* ViewController */ = {
			isa = PBXGroup;
			children = (
				01345B3B1E9709FA00CD6983 /* PostListTableViewController.swift */,
			);
			name = ViewController;
			sourceTree = "<group>";
		};
		01345B2E1E96E1EB00CD6983 /* Resources */ = {
			isa = PBXGroup;
			children = (
				01345B151E96D94C00CD6983 /* AppDelegate.swift */,
				01345B1C1E96D94C00CD6983 /* Assets.xcassets */,
				01345B211E96D94C00CD6983 /* Info.plist */,
			);
			name = Resources;
			path = BulitinBoardNotification;
			sourceTree = "<group>";
		};
		01345B2F1E96E20B00CD6983 /* View */ = {
			isa = PBXGroup;
			children = (
				01345B191E96D94C00CD6983 /* Main.storyboard */,
				01345B1E1E96D94C00CD6983 /* LaunchScreen.storyboard */,
			);
			name = View;
			sourceTree = "<group>";
		};
		01345B341E96E51A00CD6983 /* Helpers */ = {
			isa = PBXGroup;
			children = (
				01345B351E96E60F00CD6983 /* Constants.swift */,
				01345B371E96E70300CD6983 /* CloudKitManager.swift */,
			);
			name = Helpers;
			path = BulitinBoardNotification;
			sourceTree = "<group>";
		};
/* End PBXGroup section */

/* Begin PBXNativeTarget section */
		01345B111E96D94C00CD6983 /* BulitinBoardNotification */ = {
			isa = PBXNativeTarget;
			buildConfigurationList = 01345B241E96D94C00CD6983 /* Build configuration list for PBXNativeTarget "BulitinBoardNotification" */;
			buildPhases = (
				01345B0E1E96D94C00CD6983 /* Sources */,
				01345B0F1E96D94C00CD6983 /* Frameworks */,
				01345B101E96D94C00CD6983 /* Resources */,
			);
			buildRules = (
			);
			dependencies = (
			);
			name = BulitinBoardNotification;
			productName = BulitinBoardNotification;
			productReference = 01345B121E96D94C00CD6983 /* BulitinBoardNotification.app */;
			productType = "com.apple.product-type.application";
		};
/* End PBXNativeTarget section */

/* Begin PBXProject section */
		01345B0A1E96D94B00CD6983 /* Project object */ = {
			isa = PBXProject;
			attributes = {
				LastSwiftUpdateCheck = 0830;
				LastUpgradeCheck = 0830;
				ORGANIZATIONNAME = "Nick Reichard";
				TargetAttributes = {
					01345B111E96D94C00CD6983 = {
						CreatedOnToolsVersion = 8.3;
						DevelopmentTeam = WAN4D79W79;
						ProvisioningStyle = Automatic;
						SystemCapabilities = {
							com.apple.Push = {
								enabled = 1;
							};
							com.apple.iCloud = {
								enabled = 1;
							};
						};
					};
				};
			};
			buildConfigurationList = 01345B0D1E96D94B00CD6983 /* Build configuration list for PBXProject "BulitinBoardNotification" */;
			compatibilityVersion = "Xcode 3.2";
			developmentRegion = English;
			hasScannedForEncodings = 0;
			knownRegions = (
				en,
				Base,
			);
			mainGroup = 01345B091E96D94B00CD6983;
			productRefGroup = 01345B131E96D94C00CD6983 /* Products */;
			projectDirPath = "";
			projectRoot = "";
			targets = (
				01345B111E96D94C00CD6983 /* BulitinBoardNotification */,
			);
		};
/* End PBXProject section */

/* Begin PBXResourcesBuildPhase section */
		01345B101E96D94C00CD6983 /* Resources */ = {
			isa = PBXResourcesBuildPhase;
			buildActionMask = 2147483647;
			files = (
				01345B201E96D94C00CD6983 /* LaunchScreen.storyboard in Resources */,
				01345B1D1E96D94C00CD6983 /* Assets.xcassets in Resources */,
				01345B1B1E96D94C00CD6983 /* Main.storyboard in Resources */,
			);
			runOnlyForDeploymentPostprocessing = 0;
		};
/* End PBXResourcesBuildPhase section */

/* Begin PBXSourcesBuildPhase section */
		01345B0E1E96D94C00CD6983 /* Sources */ = {
			isa = PBXSourcesBuildPhase;
			buildActionMask = 2147483647;
			files = (
				01345B161E96D94C00CD6983 /* AppDelegate.swift in Sources */,
				01345B311E96E24800CD6983 /* Post.swift in Sources */,
				01345B331E96E49A00CD6983 /* Post+CloudKit.swift in Sources */,
				01345B361E96E60F00CD6983 /* Constants.swift in Sources */,
				01345B381E96E70300CD6983 /* CloudKitManager.swift in Sources */,
				01345B3C1E9709FA00CD6983 /* PostListTableViewController.swift in Sources */,
				01345B3A1E96F99A00CD6983 /* PostController.swift in Sources */,
			);
			runOnlyForDeploymentPostprocessing = 0;
		};
/* End PBXSourcesBuildPhase section */

/* Begin PBXVariantGroup section */
		01345B191E96D94C00CD6983 /* Main.storyboard */ = {
			isa = PBXVariantGroup;
			children = (
				01345B1A1E96D94C00CD6983 /* Base */,
			);
			name = Main.storyboard;
			sourceTree = "<group>";
		};
		01345B1E1E96D94C00CD6983 /* LaunchScreen.storyboard */ = {
			isa = PBXVariantGroup;
			children = (
				01345B1F1E96D94C00CD6983 /* Base */,
			);
			name = LaunchScreen.storyboard;
			sourceTree = "<group>";
		};
/* End PBXVariantGroup section */

/* Begin XCBuildConfiguration section */
		01345B221E96D94C00CD6983 /* Debug */ = {
			isa = XCBuildConfiguration;
			buildSettings = {
				ALWAYS_SEARCH_USER_PATHS = NO;
				CLANG_ANALYZER_NONNULL = YES;
				CLANG_ANALYZER_NUMBER_OBJECT_CONVERSION = YES_AGGRESSIVE;
				CLANG_CXX_LANGUAGE_STANDARD = "gnu++0x";
				CLANG_CXX_LIBRARY = "libc++";
				CLANG_ENABLE_MODULES = YES;
				CLANG_ENABLE_OBJC_ARC = YES;
				CLANG_WARN_BOOL_CONVERSION = YES;
				CLANG_WARN_CONSTANT_CONVERSION = YES;
				CLANG_WARN_DIRECT_OBJC_ISA_USAGE = YES_ERROR;
				CLANG_WARN_DOCUMENTATION_COMMENTS = YES;
				CLANG_WARN_EMPTY_BODY = YES;
				CLANG_WARN_ENUM_CONVERSION = YES;
				CLANG_WARN_INFINITE_RECURSION = YES;
				CLANG_WARN_INT_CONVERSION = YES;
				CLANG_WARN_OBJC_ROOT_CLASS = YES_ERROR;
				CLANG_WARN_SUSPICIOUS_MOVE = YES;
				CLANG_WARN_UNREACHABLE_CODE = YES;
				CLANG_WARN__DUPLICATE_METHOD_MATCH = YES;
				"CODE_SIGN_IDENTITY[sdk=iphoneos*]" = "iPhone Developer";
				COPY_PHASE_STRIP = NO;
				DEBUG_INFORMATION_FORMAT = dwarf;
				ENABLE_STRICT_OBJC_MSGSEND = YES;
				ENABLE_TESTABILITY = YES;
				GCC_C_LANGUAGE_STANDARD = gnu99;
				GCC_DYNAMIC_NO_PIC = NO;
				GCC_NO_COMMON_BLOCKS = YES;
				GCC_OPTIMIZATION_LEVEL = 0;
				GCC_PREPROCESSOR_DEFINITIONS = (
					"DEBUG=1",
					"$(inherited)",
				);
				GCC_WARN_64_TO_32_BIT_CONVERSION = YES;
				GCC_WARN_ABOUT_RETURN_TYPE = YES_ERROR;
				GCC_WARN_UNDECLARED_SELECTOR = YES;
				GCC_WARN_UNINITIALIZED_AUTOS = YES_AGGRESSIVE;
				GCC_WARN_UNUSED_FUNCTION = YES;
				GCC_WARN_UNUSED_VARIABLE = YES;
				IPHONEOS_DEPLOYMENT_TARGET = 10.3;
				MTL_ENABLE_DEBUG_INFO = YES;
				ONLY_ACTIVE_ARCH = YES;
				SDKROOT = iphoneos;
				SWIFT_ACTIVE_COMPILATION_CONDITIONS = DEBUG;
				SWIFT_OPTIMIZATION_LEVEL = "-Onone";
				TARGETED_DEVICE_FAMILY = "1,2";
			};
			name = Debug;
		};
		01345B231E96D94C00CD6983 /* Release */ = {
			isa = XCBuildConfiguration;
			buildSettings = {
				ALWAYS_SEARCH_USER_PATHS = NO;
				CLANG_ANALYZER_NONNULL = YES;
				CLANG_ANALYZER_NUMBER_OBJECT_CONVERSION = YES_AGGRESSIVE;
				CLANG_CXX_LANGUAGE_STANDARD = "gnu++0x";
				CLANG_CXX_LIBRARY = "libc++";
				CLANG_ENABLE_MODULES = YES;
				CLANG_ENABLE_OBJC_ARC = YES;
				CLANG_WARN_BOOL_CONVERSION = YES;
				CLANG_WARN_CONSTANT_CONVERSION = YES;
				CLANG_WARN_DIRECT_OBJC_ISA_USAGE = YES_ERROR;
				CLANG_WARN_DOCUMENTATION_COMMENTS = YES;
				CLANG_WARN_EMPTY_BODY = YES;
				CLANG_WARN_ENUM_CONVERSION = YES;
				CLANG_WARN_INFINITE_RECURSION = YES;
				CLANG_WARN_INT_CONVERSION = YES;
				CLANG_WARN_OBJC_ROOT_CLASS = YES_ERROR;
				CLANG_WARN_SUSPICIOUS_MOVE = YES;
				CLANG_WARN_UNREACHABLE_CODE = YES;
				CLANG_WARN__DUPLICATE_METHOD_MATCH = YES;
				"CODE_SIGN_IDENTITY[sdk=iphoneos*]" = "iPhone Developer";
				COPY_PHASE_STRIP = NO;
				DEBUG_INFORMATION_FORMAT = "dwarf-with-dsym";
				ENABLE_NS_ASSERTIONS = NO;
				ENABLE_STRICT_OBJC_MSGSEND = YES;
				GCC_C_LANGUAGE_STANDARD = gnu99;
				GCC_NO_COMMON_BLOCKS = YES;
				GCC_WARN_64_TO_32_BIT_CONVERSION = YES;
				GCC_WARN_ABOUT_RETURN_TYPE = YES_ERROR;
				GCC_WARN_UNDECLARED_SELECTOR = YES;
				GCC_WARN_UNINITIALIZED_AUTOS = YES_AGGRESSIVE;
				GCC_WARN_UNUSED_FUNCTION = YES;
				GCC_WARN_UNUSED_VARIABLE = YES;
				IPHONEOS_DEPLOYMENT_TARGET = 10.3;
				MTL_ENABLE_DEBUG_INFO = NO;
				SDKROOT = iphoneos;
				SWIFT_OPTIMIZATION_LEVEL = "-Owholemodule";
				TARGETED_DEVICE_FAMILY = "1,2";
				VALIDATE_PRODUCT = YES;
			};
			name = Release;
		};
		01345B251E96D94C00CD6983 /* Debug */ = {
			isa = XCBuildConfiguration;
			buildSettings = {
				ASSETCATALOG_COMPILER_APPICON_NAME = AppIcon;
				CODE_SIGN_ENTITLEMENTS = BulitinBoardNotification/BulitinBoardNotification.entitlements;
				DEVELOPMENT_TEAM = WAN4D79W79;
				INFOPLIST_FILE = BulitinBoardNotification/Info.plist;
				LD_RUNPATH_SEARCH_PATHS = "$(inherited) @executable_path/Frameworks";
				PRODUCT_BUNDLE_IDENTIFIER = com.nickreichard.BulitinBoardNotification;
				PRODUCT_NAME = "$(TARGET_NAME)";
				SWIFT_VERSION = 3.0;
			};
			name = Debug;
		};
		01345B261E96D94C00CD6983 /* Release */ = {
			isa = XCBuildConfiguration;
			buildSettings = {
				ASSETCATALOG_COMPILER_APPICON_NAME = AppIcon;
				CODE_SIGN_ENTITLEMENTS = BulitinBoardNotification/BulitinBoardNotification.entitlements;
				DEVELOPMENT_TEAM = WAN4D79W79;
				INFOPLIST_FILE = BulitinBoardNotification/Info.plist;
				LD_RUNPATH_SEARCH_PATHS = "$(inherited) @executable_path/Frameworks";
				PRODUCT_BUNDLE_IDENTIFIER = com.nickreichard.BulitinBoardNotification;
				PRODUCT_NAME = "$(TARGET_NAME)";
				SWIFT_VERSION = 3.0;
			};
			name = Release;
		};
/* End XCBuildConfiguration section */

/* Begin XCConfigurationList section */
		01345B0D1E96D94B00CD6983 /* Build configuration list for PBXProject "BulitinBoardNotification" */ = {
			isa = XCConfigurationList;
			buildConfigurations = (
				01345B221E96D94C00CD6983 /* Debug */,
				01345B231E96D94C00CD6983 /* Release */,
			);
			defaultConfigurationIsVisible = 0;
			defaultConfigurationName = Release;
		};
		01345B241E96D94C00CD6983 /* Build configuration list for PBXNativeTarget "BulitinBoardNotification" */ = {
			isa = XCConfigurationList;
			buildConfigurations = (
				01345B251E96D94C00CD6983 /* Debug */,
				01345B261E96D94C00CD6983 /* Release */,
			);
			defaultConfigurationIsVisible = 0;
		};
/* End XCConfigurationList section */
	};
	rootObject = 01345B0A1E96D94B00CD6983 /* Project object */;
}
